// !$*UTF8*$!
{
	archiveVersion = 1;
	classes = {
	};
	objectVersion = 51;
	objects = {

/* Begin PBXBuildFile section */
		649EA330474CF0022D202819 /* Pods_Firebase_Test.framework in Frameworks */ = {isa = PBXBuildFile; fileRef = EF017B932772550389B624CA /* Pods_Firebase_Test.framework */; };
		7393910223CF7F50004661A6 /* mainController.swift in Sources */ = {isa = PBXBuildFile; fileRef = 7393910123CF7F50004661A6 /* mainController.swift */; };
		7393910423CF7F5D004661A6 /* registerController.swift in Sources */ = {isa = PBXBuildFile; fileRef = 7393910323CF7F5D004661A6 /* registerController.swift */; };
		73C94AF523CCC2F000F53271 /* AppDelegate.swift in Sources */ = {isa = PBXBuildFile; fileRef = 73C94AF423CCC2F000F53271 /* AppDelegate.swift */; };
		73C94AF723CCC2F000F53271 /* SceneDelegate.swift in Sources */ = {isa = PBXBuildFile; fileRef = 73C94AF623CCC2F000F53271 /* SceneDelegate.swift */; };
		73C94AF923CCC2F000F53271 /* ViewController.swift in Sources */ = {isa = PBXBuildFile; fileRef = 73C94AF823CCC2F000F53271 /* ViewController.swift */; };
		73C94AFC23CCC2F000F53271 /* Main.storyboard in Resources */ = {isa = PBXBuildFile; fileRef = 73C94AFA23CCC2F000F53271 /* Main.storyboard */; };
		73C94AFE23CCC2F100F53271 /* Assets.xcassets in Resources */ = {isa = PBXBuildFile; fileRef = 73C94AFD23CCC2F100F53271 /* Assets.xcassets */; };
		73C94B0123CCC2F100F53271 /* LaunchScreen.storyboard in Resources */ = {isa = PBXBuildFile; fileRef = 73C94AFF23CCC2F100F53271 /* LaunchScreen.storyboard */; };
		73C94B0923CCCCBD00F53271 /* GoogleService-Info.plist in Resources */ = {isa = PBXBuildFile; fileRef = 73C94B0823CCCCBD00F53271 /* GoogleService-Info.plist */; };
/* End PBXBuildFile section */

/* Begin PBXFileReference section */
		57DBB5C91235F1B7FB16A56E /* Pods-Firebase_Test.debug.xcconfig */ = {isa = PBXFileReference; includeInIndex = 1; lastKnownFileType = text.xcconfig; name = "Pods-Firebase_Test.debug.xcconfig"; path = "Target Support Files/Pods-Firebase_Test/Pods-Firebase_Test.debug.xcconfig"; sourceTree = "<group>"; };
		7393910123CF7F50004661A6 /* mainController.swift */ = {isa = PBXFileReference; lastKnownFileType = sourcecode.swift; path = mainController.swift; sourceTree = "<group>"; };
		7393910323CF7F5D004661A6 /* registerController.swift */ = {isa = PBXFileReference; lastKnownFileType = sourcecode.swift; path = registerController.swift; sourceTree = "<group>"; };
		73C94AF123CCC2F000F53271 /* Firebase_Test.app */ = {isa = PBXFileReference; explicitFileType = wrapper.application; includeInIndex = 0; path = Firebase_Test.app; sourceTree = BUILT_PRODUCTS_DIR; };
		73C94AF423CCC2F000F53271 /* AppDelegate.swift */ = {isa = PBXFileReference; lastKnownFileType = sourcecode.swift; path = AppDelegate.swift; sourceTree = "<group>"; };
		73C94AF623CCC2F000F53271 /* SceneDelegate.swift */ = {isa = PBXFileReference; lastKnownFileType = sourcecode.swift; path = SceneDelegate.swift; sourceTree = "<group>"; };
		73C94AF823CCC2F000F53271 /* ViewController.swift */ = {isa = PBXFileReference; lastKnownFileType = sourcecode.swift; path = ViewController.swift; sourceTree = "<group>"; };
		73C94AFB23CCC2F000F53271 /* Base */ = {isa = PBXFileReference; lastKnownFileType = file.storyboard; name = Base; path = Base.lproj/Main.storyboard; sourceTree = "<group>"; };
		73C94AFD23CCC2F100F53271 /* Assets.xcassets */ = {isa = PBXFileReference; lastKnownFileType = folder.assetcatalog; path = Assets.xcassets; sourceTree = "<group>"; };
		73C94B0023CCC2F100F53271 /* Base */ = {isa = PBXFileReference; lastKnownFileType = file.storyboard; name = Base; path = Base.lproj/LaunchScreen.storyboard; sourceTree = "<group>"; };
		73C94B0223CCC2F100F53271 /* Info.plist */ = {isa = PBXFileReference; lastKnownFileType = text.plist.xml; path = Info.plist; sourceTree = "<group>"; };
		73C94B0823CCCCBD00F53271 /* GoogleService-Info.plist */ = {isa = PBXFileReference; fileEncoding = 4; lastKnownFileType = text.plist.xml; path = "GoogleService-Info.plist"; sourceTree = "<group>"; };
		9A4E4F4625619CC032FAE3C9 /* Pods-Firebase_Test.release.xcconfig */ = {isa = PBXFileReference; includeInIndex = 1; lastKnownFileType = text.xcconfig; name = "Pods-Firebase_Test.release.xcconfig"; path = "Target Support Files/Pods-Firebase_Test/Pods-Firebase_Test.release.xcconfig"; sourceTree = "<group>"; };
		EF017B932772550389B624CA /* Pods_Firebase_Test.framework */ = {isa = PBXFileReference; explicitFileType = wrapper.framework; includeInIndex = 0; path = Pods_Firebase_Test.framework; sourceTree = BUILT_PRODUCTS_DIR; };
/* End PBXFileReference section */

/* Begin PBXFrameworksBuildPhase section */
		73C94AEE23CCC2F000F53271 /* Frameworks */ = {
			isa = PBXFrameworksBuildPhase;
			buildActionMask = 2147483647;
			files = (
				649EA330474CF0022D202819 /* Pods_Firebase_Test.framework in Frameworks */,
			);
			runOnlyForDeploymentPostprocessing = 0;
		};
/* End PBXFrameworksBuildPhase section */

/* Begin PBXGroup section */
		077EDB54B0B37DA812D4211C /* Frameworks */ = {
			isa = PBXGroup;
			children = (
				EF017B932772550389B624CA /* Pods_Firebase_Test.framework */,
			);
			name = Frameworks;
			sourceTree = "<group>";
		};
		73C94AE823CCC2F000F53271 = {
			isa = PBXGroup;
			children = (
				73C94AF323CCC2F000F53271 /* Firebase_Test */,
				73C94AF223CCC2F000F53271 /* Products */,
				F48CA4CB7D74AC906070E136 /* Pods */,
				077EDB54B0B37DA812D4211C /* Frameworks */,
			);
			sourceTree = "<group>";
		};
		73C94AF223CCC2F000F53271 /* Products */ = {
			isa = PBXGroup;
			children = (
				73C94AF123CCC2F000F53271 /* Firebase_Test.app */,
			);
			name = Products;
			sourceTree = "<group>";
		};
		73C94AF323CCC2F000F53271 /* Firebase_Test */ = {
			isa = PBXGroup;
			children = (
				73C94B0823CCCCBD00F53271 /* GoogleService-Info.plist */,
				73C94AF423CCC2F000F53271 /* AppDelegate.swift */,
				73C94AF623CCC2F000F53271 /* SceneDelegate.swift */,
				73C94AF823CCC2F000F53271 /* ViewController.swift */,
				73C94AFA23CCC2F000F53271 /* Main.storyboard */,
				73C94AFD23CCC2F100F53271 /* Assets.xcassets */,
				73C94AFF23CCC2F100F53271 /* LaunchScreen.storyboard */,
				73C94B0223CCC2F100F53271 /* Info.plist */,
				7393910123CF7F50004661A6 /* mainController.swift */,
				7393910323CF7F5D004661A6 /* registerController.swift */,
			);
			path = Firebase_Test;
			sourceTree = "<group>";
		};
		F48CA4CB7D74AC906070E136 /* Pods */ = {
			isa = PBXGroup;
			children = (
				57DBB5C91235F1B7FB16A56E /* Pods-Firebase_Test.debug.xcconfig */,
				9A4E4F4625619CC032FAE3C9 /* Pods-Firebase_Test.release.xcconfig */,
			);
			path = Pods;
			sourceTree = "<group>";
		};
/* End PBXGroup section */

/* Begin PBXNativeTarget section */
		73C94AF023CCC2F000F53271 /* Firebase_Test */ = {
			isa = PBXNativeTarget;
			buildConfigurationList = 73C94B0523CCC2F100F53271 /* Build configuration list for PBXNativeTarget "Firebase_Test" */;
			buildPhases = (
				CAE3083E1DD08824375EF7E0 /* [CP] Check Pods Manifest.lock */,
				73C94AED23CCC2F000F53271 /* Sources */,
				73C94AEE23CCC2F000F53271 /* Frameworks */,
				73C94AEF23CCC2F000F53271 /* Resources */,
				CEA83AC2A6ED968DE09A525A /* [CP] Embed Pods Frameworks */,
			);
			buildRules = (
			);
			dependencies = (
			);
			name = Firebase_Test;
			productName = Firebase_Test;
			productReference = 73C94AF123CCC2F000F53271 /* Firebase_Test.app */;
			productType = "com.apple.product-type.application";
		};
/* End PBXNativeTarget section */

/* Begin PBXProject section */
		73C94AE923CCC2F000F53271 /* Project object */ = {
			isa = PBXProject;
			attributes = {
				LastSwiftUpdateCheck = 1120;
				LastUpgradeCheck = 1120;
				ORGANIZATIONNAME = francisco.adan;
				TargetAttributes = {
					73C94AF023CCC2F000F53271 = {
						CreatedOnToolsVersion = 11.2.1;
					};
				};
			};
			buildConfigurationList = 73C94AEC23CCC2F000F53271 /* Build configuration list for PBXProject "Firebase_Test" */;
			compatibilityVersion = "Xcode 9.3";
			developmentRegion = en;
			hasScannedForEncodings = 0;
			knownRegions = (
				en,
				Base,
			);
			mainGroup = 73C94AE823CCC2F000F53271;
			productRefGroup = 73C94AF223CCC2F000F53271 /* Products */;
			projectDirPath = "";
			projectRoot = "";
			targets = (
				73C94AF023CCC2F000F53271 /* Firebase_Test */,
			);
		};
/* End PBXProject section */

/* Begin PBXResourcesBuildPhase section */
		73C94AEF23CCC2F000F53271 /* Resources */ = {
			isa = PBXResourcesBuildPhase;
			buildActionMask = 2147483647;
			files = (
				73C94B0123CCC2F100F53271 /* LaunchScreen.storyboard in Resources */,
				73C94B0923CCCCBD00F53271 /* GoogleService-Info.plist in Resources */,
				73C94AFE23CCC2F100F53271 /* Assets.xcassets in Resources */,
				73C94AFC23CCC2F000F53271 /* Main.storyboard in Resources */,
			);
			runOnlyForDeploymentPostprocessing = 0;
		};
/* End PBXResourcesBuildPhase section */

/* Begin PBXShellScriptBuildPhase section */
		CAE3083E1DD08824375EF7E0 /* [CP] Check Pods Manifest.lock */ = {
			isa = PBXShellScriptBuildPhase;
			buildActionMask = 2147483647;
			files = (
			);
			inputFileListPaths = (
			);
			inputPaths = (
				"${PODS_PODFILE_DIR_PATH}/Podfile.lock",
				"${PODS_ROOT}/Manifest.lock",
			);
			name = "[CP] Check Pods Manifest.lock";
			outputFileListPaths = (
			);
			outputPaths = (
				"$(DERIVED_FILE_DIR)/Pods-Firebase_Test-checkManifestLockResult.txt",
			);
			runOnlyForDeploymentPostprocessing = 0;
			shellPath = /bin/sh;
			shellScript = "diff \"${PODS_PODFILE_DIR_PATH}/Podfile.lock\" \"${PODS_ROOT}/Manifest.lock\" > /dev/null\nif [ $? != 0 ] ; then\n    # print error to STDERR\n    echo \"error: The sandbox is not in sync with the Podfile.lock. Run 'pod install' or update your CocoaPods installation.\" >&2\n    exit 1\nfi\n# This output is used by Xcode 'outputs' to avoid re-running this script phase.\necho \"SUCCESS\" > \"${SCRIPT_OUTPUT_FILE_0}\"\n";
			showEnvVarsInLog = 0;
		};
		CEA83AC2A6ED968DE09A525A /* [CP] Embed Pods Frameworks */ = {
			isa = PBXShellScriptBuildPhase;
			buildActionMask = 2147483647;
			files = (
			);
			inputFileListPaths = (
				"${PODS_ROOT}/Target Support Files/Pods-Firebase_Test/Pods-Firebase_Test-frameworks-${CONFIGURATION}-input-files.xcfilelist",
			);
			name = "[CP] Embed Pods Frameworks";
			outputFileListPaths = (
				"${PODS_ROOT}/Target Support Files/Pods-Firebase_Test/Pods-Firebase_Test-frameworks-${CONFIGURATION}-output-files.xcfilelist",
			);
			runOnlyForDeploymentPostprocessing = 0;
			shellPath = /bin/sh;
			shellScript = "\"${PODS_ROOT}/Target Support Files/Pods-Firebase_Test/Pods-Firebase_Test-frameworks.sh\"\n";
			showEnvVarsInLog = 0;
		};
/* End PBXShellScriptBuildPhase section */

/* Begin PBXSourcesBuildPhase section */
		73C94AED23CCC2F000F53271 /* Sources */ = {
			isa = PBXSourcesBuildPhase;
			buildActionMask = 2147483647;
			files = (
				7393910223CF7F50004661A6 /* mainController.swift in Sources */,
				73C94AF923CCC2F000F53271 /* ViewController.swift in Sources */,
				73C94AF523CCC2F000F53271 /* AppDelegate.swift in Sources */,
				7393910423CF7F5D004661A6 /* registerController.swift in Sources */,
				73C94AF723CCC2F000F53271 /* SceneDelegate.swift in Sources */,
			);
			runOnlyForDeploymentPostprocessing = 0;
		};
/* End PBXSourcesBuildPhase section */

/* Begin PBXVariantGroup section */
		73C94AFA23CCC2F000F53271 /* Main.storyboard */ = {
			isa = PBXVariantGroup;
			children = (
				73C94AFB23CCC2F000F53271 /* Base */,
			);
			name = Main.storyboard;
			sourceTree = "<group>";
		};
		73C94AFF23CCC2F100F53271 /* LaunchScreen.storyboard */ = {
			isa = PBXVariantGroup;
			children = (
				73C94B0023CCC2F100F53271 /* Base */,
			);
			name = LaunchScreen.storyboard;
			sourceTree = "<group>";
		};
/* End PBXVariantGroup section */

/* Begin XCBuildConfiguration section */
		73C94B0323CCC2F100F53271 /* Debug */ = {
			isa = XCBuildConfiguration;
			buildSettings = {
				ALWAYS_SEARCH_USER_PATHS = NO;
				CLANG_ANALYZER_NONNULL = YES;
				CLANG_ANALYZER_NUMBER_OBJECT_CONVERSION = YES_AGGRESSIVE;
				CLANG_CXX_LANGUAGE_STANDARD = "gnu++14";
				CLANG_CXX_LIBRARY = "libc++";
				CLANG_ENABLE_MODULES = YES;
				CLANG_ENABLE_OBJC_ARC = YES;
				CLANG_ENABLE_OBJC_WEAK = YES;
				CLANG_WARN_BLOCK_CAPTURE_AUTORELEASING = YES;
				CLANG_WARN_BOOL_CONVERSION = YES;
				CLANG_WARN_COMMA = YES;
				CLANG_WARN_CONSTANT_CONVERSION = YES;
				CLANG_WARN_DEPRECATED_OBJC_IMPLEMENTATIONS = YES;
				CLANG_WARN_DIRECT_OBJC_ISA_USAGE = YES_ERROR;
				CLANG_WARN_DOCUMENTATION_COMMENTS = YES;
				CLANG_WARN_EMPTY_BODY = YES;
				CLANG_WARN_ENUM_CONVERSION = YES;
				CLANG_WARN_INFINITE_RECURSION = YES;
				CLANG_WARN_INT_CONVERSION = YES;
				CLANG_WARN_NON_LITERAL_NULL_CONVERSION = YES;
				CLANG_WARN_OBJC_IMPLICIT_RETAIN_SELF = YES;
				CLANG_WARN_OBJC_LITERAL_CONVERSION = YES;
				CLANG_WARN_OBJC_ROOT_CLASS = YES_ERROR;
				CLANG_WARN_RANGE_LOOP_ANALYSIS = YES;
				CLANG_WARN_STRICT_PROTOTYPES = YES;
				CLANG_WARN_SUSPICIOUS_MOVE = YES;
				CLANG_WARN_UNGUARDED_AVAILABILITY = YES_AGGRESSIVE;
				CLANG_WARN_UNREACHABLE_CODE = YES;
				CLANG_WARN__DUPLICATE_METHOD_MATCH = YES;
				COPY_PHASE_STRIP = NO;
				DEBUG_INFORMATION_FORMAT = dwarf;
				ENABLE_STRICT_OBJC_MSGSEND = YES;
				ENABLE_TESTABILITY = YES;
				GCC_C_LANGUAGE_STANDARD = gnu11;
				GCC_DYNAMIC_NO_PIC = NO;
				GCC_NO_COMMON_BLOCKS = YES;
				GCC_OPTIMIZATION_LEVEL = 0;
				GCC_PREPROCESSOR_DEFINITIONS = (
					"DEBUG=1",
					"$(inherited)",
				);
				GCC_WARN_64_TO_32_BIT_CONVERSION = YES;
				GCC_WARN_ABOUT_RETURN_TYPE = YES_ERROR;
				GCC_WARN_UNDECLARED_SELECTOR = YES;
				GCC_WARN_UNINITIALIZED_AUTOS = YES_AGGRESSIVE;
				GCC_WARN_UNUSED_FUNCTION = YES;
				GCC_WARN_UNUSED_VARIABLE = YES;
				IPHONEOS_DEPLOYMENT_TARGET = 13.2;
				MTL_ENABLE_DEBUG_INFO = INCLUDE_SOURCE;
				MTL_FAST_MATH = YES;
				ONLY_ACTIVE_ARCH = YES;
				SDKROOT = iphoneos;
				SWIFT_ACTIVE_COMPILATION_CONDITIONS = DEBUG;
				SWIFT_OPTIMIZATION_LEVEL = "-Onone";
			};
			name = Debug;
		};
		73C94B0423CCC2F100F53271 /* Release */ = {
			isa = XCBuildConfiguration;
			buildSettings = {
				ALWAYS_SEARCH_USER_PATHS = NO;
				CLANG_ANALYZER_NONNULL = YES;
				CLANG_ANALYZER_NUMBER_OBJECT_CONVERSION = YES_AGGRESSIVE;
				CLANG_CXX_LANGUAGE_STANDARD = "gnu++14";
				CLANG_CXX_LIBRARY = "libc++";
				CLANG_ENABLE_MODULES = YES;
				CLANG_ENABLE_OBJC_ARC = YES;
				CLANG_ENABLE_OBJC_WEAK = YES;
				CLANG_WARN_BLOCK_CAPTURE_AUTORELEASING = YES;
				CLANG_WARN_BOOL_CONVERSION = YES;
				CLANG_WARN_COMMA = YES;
				CLANG_WARN_CONSTANT_CONVERSION = YES;
				CLANG_WARN_DEPRECATED_OBJC_IMPLEMENTATIONS = YES;
				CLANG_WARN_DIRECT_OBJC_ISA_USAGE = YES_ERROR;
				CLANG_WARN_DOCUMENTATION_COMMENTS = YES;
				CLANG_WARN_EMPTY_BODY = YES;
				CLANG_WARN_ENUM_CONVERSION = YES;
				CLANG_WARN_INFINITE_RECURSION = YES;
				CLANG_WARN_INT_CONVERSION = YES;
				CLANG_WARN_NON_LITERAL_NULL_CONVERSION = YES;
				CLANG_WARN_OBJC_IMPLICIT_RETAIN_SELF = YES;
				CLANG_WARN_OBJC_LITERAL_CONVERSION = YES;
				CLANG_WARN_OBJC_ROOT_CLASS = YES_ERROR;
				CLANG_WARN_RANGE_LOOP_ANALYSIS = YES;
				CLANG_WARN_STRICT_PROTOTYPES = YES;
				CLANG_WARN_SUSPICIOUS_MOVE = YES;
				CLANG_WARN_UNGUARDED_AVAILABILITY = YES_AGGRESSIVE;
				CLANG_WARN_UNREACHABLE_CODE = YES;
				CLANG_WARN__DUPLICATE_METHOD_MATCH = YES;
				COPY_PHASE_STRIP = NO;
				DEBUG_INFORMATION_FORMAT = "dwarf-with-dsym";
				ENABLE_NS_ASSERTIONS = NO;
				ENABLE_STRICT_OBJC_MSGSEND = YES;
				GCC_C_LANGUAGE_STANDARD = gnu11;
				GCC_NO_COMMON_BLOCKS = YES;
				GCC_WARN_64_TO_32_BIT_CONVERSION = YES;
				GCC_WARN_ABOUT_RETURN_TYPE = YES_ERROR;
				GCC_WARN_UNDECLARED_SELECTOR = YES;
				GCC_WARN_UNINITIALIZED_AUTOS = YES_AGGRESSIVE;
				GCC_WARN_UNUSED_FUNCTION = YES;
				GCC_WARN_UNUSED_VARIABLE = YES;
				IPHONEOS_DEPLOYMENT_TARGET = 13.2;
				MTL_ENABLE_DEBUG_INFO = NO;
				MTL_FAST_MATH = YES;
				SDKROOT = iphoneos;
				SWIFT_COMPILATION_MODE = wholemodule;
				SWIFT_OPTIMIZATION_LEVEL = "-O";
				VALIDATE_PRODUCT = YES;
			};
			name = Release;
		};
		73C94B0623CCC2F100F53271 /* Debug */ = {
			isa = XCBuildConfiguration;
			baseConfigurationReference = 57DBB5C91235F1B7FB16A56E /* Pods-Firebase_Test.debug.xcconfig */;
			buildSettings = {
				ASSETCATALOG_COMPILER_APPICON_NAME = AppIcon;
				CODE_SIGN_STYLE = Automatic;
				INFOPLIST_FILE = Firebase_Test/Info.plist;
				LD_RUNPATH_SEARCH_PATHS = (
					"$(inherited)",
					"@executable_path/Frameworks",
				);
				PRODUCT_BUNDLE_IDENTIFIER = "estech.Firebase-Test";
				PRODUCT_NAME = "$(TARGET_NAME)";
				SWIFT_VERSION = 5.0;
				TARGETED_DEVICE_FAMILY = "1,2";
			};
			name = Debug;
		};
		73C94B0723CCC2F100F53271 /* Release */ = {
			isa = XCBuildConfiguration;
			baseConfigurationReference = 9A4E4F4625619CC032FAE3C9 /* Pods-Firebase_Test.release.xcconfig */;
			buildSettings = {
				ASSETCATALOG_COMPILER_APPICON_NAME = AppIcon;
				CODE_SIGN_STYLE = Automatic;
				INFOPLIST_FILE = Firebase_Test/Info.plist;
				LD_RUNPATH_SEARCH_PATHS = (
					"$(inherited)",
					"@executable_path/Frameworks",
				);
				PRODUCT_BUNDLE_IDENTIFIER = "estech.Firebase-Test";
				PRODUCT_NAME = "$(TARGET_NAME)";
				SWIFT_VERSION = 5.0;
				TARGETED_DEVICE_FAMILY = "1,2";
			};
			name = Release;
		};
/* End XCBuildConfiguration section */

/* Begin XCConfigurationList section */
		73C94AEC23CCC2F000F53271 /* Build configuration list for PBXProject "Firebase_Test" */ = {
			isa = XCConfigurationList;
			buildConfigurations = (
				73C94B0323CCC2F100F53271 /* Debug */,
				73C94B0423CCC2F100F53271 /* Release */,
			);
			defaultConfigurationIsVisible = 0;
			defaultConfigurationName = Release;
		};
		73C94B0523CCC2F100F53271 /* Build configuration list for PBXNativeTarget "Firebase_Test" */ = {
			isa = XCConfigurationList;
			buildConfigurations = (
				73C94B0623CCC2F100F53271 /* Debug */,
				73C94B0723CCC2F100F53271 /* Release */,
			);
			defaultConfigurationIsVisible = 0;
			defaultConfigurationName = Release;
		};
/* End XCConfigurationList section */
	};
	rootObject = 73C94AE923CCC2F000F53271 /* Project object */;
}
